{
  "name": "devinci",
  "version": "1.0.0",
  "lockfileVersion": 3,
  "requires": true,
  "packages": {
    "": {
      "name": "devinci",
      "version": "1.0.0",
      "license": "ISC",
      "dependencies": {
        "@oh-my-pi/pi-tui": "^17.2.15"
      },
      "bin": {
        "devinci": "index.js"
      }
    },
    "node_modules/@oh-my-pi/pi-natives": {
      "version": "17.2.15",
      "resolved": "https://registry.npmjs.org/@oh-my-pi/pi-natives/-/pi-natives-17.2.15.tgz",
      "integrity": "sha512-9n4+/OmWTS9RfNL7qjX0T9CcQcIkKRKLQBb8evK5+0uOEKz7u0hXAQ8c9ES4xtsu5iACkh+5aNwK/PhjhEnZaw==",
      "license": "MIT",
      "engines": {
        "bun": ">=1.3.14"
      },
      "optionalDependencies": {
        "@oh-my-pi/pi-natives-darwin-arm64": "17.2.15",
        "@oh-my-pi/pi-natives-darwin-x64": "17.2.15",
        "@oh-my-pi/pi-natives-linux-arm64": "17.2.15",
        "@oh-my-pi/pi-natives-linux-x64": "17.2.15",
        "@oh-my-pi/pi-natives-win32-x64": "17.2.15"
      }
    },
    "node_modules/@oh-my-pi/pi-natives-darwin-arm64": {
      "version": "17.2.15",
      "resolved": "https://registry.npmjs.org/@oh-my-pi/pi-natives-darwin-arm64/-/pi-natives-darwin-arm64-17.2.15.tgz",
      "integrity": "sha512-Y0bpLvHmvSVYIBrPlCO3z9dG7gwbS4Zsse56Tsu3C5DcC9rFdpsrW61lY13MMEaUdAwos/IegGPf/O6ea2Zdqw==",
      "cpu": [
        "arm64"
      ],
      "license": "MIT",
      "optional": true,
      "os": [
        "darwin"
      ],
      "engines": {
        "bun": ">=1.3.14"
      }
    },
    "node_modules/@oh-my-pi/pi-natives-darwin-x64": {
      "version": "17.2.15",
      "resolved": "https://registry.npmjs.org/@oh-my-pi/pi-natives-darwin-x64/-/pi-natives-darwin-x64-17.2.15.tgz",
      "integrity": "sha512-opB0UMllT3wbumM3c24jJQQzr2r5siPevugULnbIAkE1fpXWbvfwoQ7Rv7ZmRGUHmgkgfd/BpK3RIsmIUqVj0Q==",
      "cpu": [
        "x64"
      ],
      "license": "MIT",
      "optional": true,
      "os": [
        "darwin"
      ],
      "engines": {
        "bun": ">=1.3.14"
      }
    },
    "node_modules/@oh-my-pi/pi-natives-linux-arm64": {
      "version": "17.2.15",
      "resolved": "https://registry.npmjs.org/@oh-my-pi/pi-natives-linux-arm64/-/pi-natives-linux-arm64-17.2.15.tgz",
      "integrity": "sha512-Dcwyl8n0htFQcrOUJm958kATP2tp24R3W0BZaJdj/XXL+howeE44fhmzzs7gr448M8AugYgAu0UlN/9P8iolpw==",
      "cpu": [
        "arm64"
      ],
      "license": "MIT",
      "optional": true,
      "os": [
        "linux"
      ],
      "engines": {
        "bun": ">=1.3.14"
      }
    },
    "node_modules/@oh-my-pi/pi-natives-linux-x64": {
      "version": "17.2.15",
      "resolved": "https://registry.npmjs.org/@oh-my-pi/pi-natives-linux-x64/-/pi-natives-linux-x64-17.2.15.tgz",
      "integrity": "sha512-0orScj5we/OFETXD2o8sSpreAwGxuDaLUihgSmvfEUlc231aBRxyue8oIU94ekmNfS4lTyNdAFXoJj2d9BYCxQ==",
      "cpu": [
        "x64"
      ],
      "license": "MIT",
      "optional": true,
      "os": [
        "linux"
      ],
      "engines": {
        "bun": ">=1.3.14"
      }
    },
    "node_modules/@oh-my-pi/pi-natives-win32-x64": {
      "version": "17.2.15",
      "resolved": "https://registry.npmjs.org/@oh-my-pi/pi-natives-win32-x64/-/pi-natives-win32-x64-17.2.15.tgz",
      "integrity": "sha512-xOyKtYh48XBMy98nZqviyPexgwAzS1jSEFswzmKNRwXZl/NNSOU1WBRZkXQMXanG8/fGJyUdfEOHhd5nt5SD4g==",
      "cpu": [
        "x64"
      ],
      "license": "MIT",
      "optional": true,
      "os": [
        "win32"
      ],
      "engines": {
        "bun": ">=1.3.14"
      }
    },
    "node_modules/@oh-my-pi/pi-tui": {
      "version": "17.2.15",
      "resolved": "https://registry.npmjs.org/@oh-my-pi/pi-tui/-/pi-tui-17.2.15.tgz",
      "integrity": "sha512-KAGMXkRTSQeLG73rhIRLHCV/sXNzfkW7P+NAchxxnqDKkZNdqY0RcjoWbSXmfKd5sOs5bZ2loSCn83uZypPsuA==",
      "license": "MIT",
      "dependencies": {
        "@oh-my-pi/pi-natives": "17.2.15",
        "@oh-my-pi/pi-utils": "17.2.15"
      },
      "engines": {
        "bun": ">=1.3.14"
      }
    },
    "node_modules/@oh-my-pi/pi-utils": {
      "version": "17.2.15",
      "resolved": "https://registry.npmjs.org/@oh-my-pi/pi-utils/-/pi-utils-17.2.15.tgz",
      "integrity": "sha512-Rl6rGhAlxshUJji3th8ZV0M47XRpzdEzlIuRL/Ycqrd+Hex+okCfpKXnpTcQoxN5QhrDOVTsoAnevK1gbU/nfQ==",
      "license": "MIT",
      "dependencies": {
        "@oh-my-pi/pi-natives": "17.2.15"
      },
      "engines": {
        "bun": ">=1.3.14"
      }
    }
  }
}
