{
  "name": "devinci",
  "version": "1.0.0",
  "lockfileVersion": 3,
  "requires": true,
  "packages": {
    "": {
      "name": "devinci",
      "version": "1.0.0",
      "license": "ISC",
      "dependencies": {
        "@oh-my-pi/pi-tui": "^17.2.12"
      }
    },
    "node_modules/@oh-my-pi/pi-natives": {
      "version": "17.2.12",
      "resolved": "https://registry.npmjs.org/@oh-my-pi/pi-natives/-/pi-natives-17.2.12.tgz",
      "integrity": "sha512-MVZq0UrrA7mk6uMKrgjnAhfrDj+58yEuu0VeVd3JuvneMjcX1duIzOdyqRG13S+/XzGOvGkk164dM6D/CwxteQ==",
      "license": "MIT",
      "engines": {
        "bun": ">=1.3.14"
      },
      "optionalDependencies": {
        "@oh-my-pi/pi-natives-darwin-arm64": "17.2.12",
        "@oh-my-pi/pi-natives-darwin-x64": "17.2.12",
        "@oh-my-pi/pi-natives-linux-arm64": "17.2.12",
        "@oh-my-pi/pi-natives-linux-x64": "17.2.12",
        "@oh-my-pi/pi-natives-win32-x64": "17.2.12"
      }
    },
    "node_modules/@oh-my-pi/pi-natives-darwin-arm64": {
      "version": "17.2.12",
      "resolved": "https://registry.npmjs.org/@oh-my-pi/pi-natives-darwin-arm64/-/pi-natives-darwin-arm64-17.2.12.tgz",
      "integrity": "sha512-5iullmWEWmGRjwgo7Kw6Bub3KOXahkUX3jZfw65bM9LjFRceSwoLTt6Yh0RnXXP8hRzZnhU3b/o73peWBlpLzw==",
      "cpu": [
        "arm64"
      ],
      "license": "MIT",
      "optional": true,
      "os": [
        "darwin"
      ],
      "engines": {
        "bun": ">=1.3.14"
      }
    },
    "node_modules/@oh-my-pi/pi-natives-darwin-x64": {
      "version": "17.2.12",
      "resolved": "https://registry.npmjs.org/@oh-my-pi/pi-natives-darwin-x64/-/pi-natives-darwin-x64-17.2.12.tgz",
      "integrity": "sha512-qNc2q02d5etsOdxmO4CNwCcEvgfWS9Ya/fuq2hDKJgp3BFeKQCzYDap0HhC/qkAfj2vpjsTyKc/PsPMMMLGytg==",
      "cpu": [
        "x64"
      ],
      "license": "MIT",
      "optional": true,
      "os": [
        "darwin"
      ],
      "engines": {
        "bun": ">=1.3.14"
      }
    },
    "node_modules/@oh-my-pi/pi-natives-linux-arm64": {
      "version": "17.2.12",
      "resolved": "https://registry.npmjs.org/@oh-my-pi/pi-natives-linux-arm64/-/pi-natives-linux-arm64-17.2.12.tgz",
      "integrity": "sha512-HTc6efuPNoYSzHu7Zk4gl3RtQzWWprVA4x0ep0gq5B7mBS6OwgnbH5otLrXSFeQ2UgRyV/nddz1O02ek4Vg8MA==",
      "cpu": [
        "arm64"
      ],
      "license": "MIT",
      "optional": true,
      "os": [
        "linux"
      ],
      "engines": {
        "bun": ">=1.3.14"
      }
    },
    "node_modules/@oh-my-pi/pi-natives-linux-x64": {
      "version": "17.2.12",
      "resolved": "https://registry.npmjs.org/@oh-my-pi/pi-natives-linux-x64/-/pi-natives-linux-x64-17.2.12.tgz",
      "integrity": "sha512-jg9xzfqpcBDGRVnW+98z/eQPIfcnOYujd1bLW0PnJh6A0ykSqjCvt9PpN0wrlqr70WazOOURqoodN2eibIyOOQ==",
      "cpu": [
        "x64"
      ],
      "license": "MIT",
      "optional": true,
      "os": [
        "linux"
      ],
      "engines": {
        "bun": ">=1.3.14"
      }
    },
    "node_modules/@oh-my-pi/pi-natives-win32-x64": {
      "version": "17.2.12",
      "resolved": "https://registry.npmjs.org/@oh-my-pi/pi-natives-win32-x64/-/pi-natives-win32-x64-17.2.12.tgz",
      "integrity": "sha512-Jb/EF7Ug7SX/YYJofgKR5Kvw0I+AqGpEfmI5inIsvFzygqlA4QgMETbAR1s08sK+AYZqPqRorBpbGNas85XFig==",
      "cpu": [
        "x64"
      ],
      "license": "MIT",
      "optional": true,
      "os": [
        "win32"
      ],
      "engines": {
        "bun": ">=1.3.14"
      }
    },
    "node_modules/@oh-my-pi/pi-tui": {
      "version": "17.2.12",
      "resolved": "https://registry.npmjs.org/@oh-my-pi/pi-tui/-/pi-tui-17.2.12.tgz",
      "integrity": "sha512-X4IKQG3alzw3ogUewxoPBaZImReEBF7P2Xu5xN5E47lfMHR0eNJ6cQnQmk7sHjfNEAclKCJDYqwzgOfRdh9GEA==",
      "license": "MIT",
      "dependencies": {
        "@oh-my-pi/pi-natives": "17.2.12",
        "@oh-my-pi/pi-utils": "17.2.12"
      },
      "engines": {
        "bun": ">=1.3.14"
      }
    },
    "node_modules/@oh-my-pi/pi-utils": {
      "version": "17.2.12",
      "resolved": "https://registry.npmjs.org/@oh-my-pi/pi-utils/-/pi-utils-17.2.12.tgz",
      "integrity": "sha512-iYNV2y6RW9tzYaBa7hX5pzb23+zzNLF/Bs4bK7LAO2Qc7OZl5gw1lp9YOUX4/VZOO7A20KrXnZNwZVCnpPKy1A==",
      "license": "MIT",
      "dependencies": {
        "@oh-my-pi/pi-natives": "17.2.12"
      },
      "engines": {
        "bun": ">=1.3.14"
      }
    }
  }
}
